<?xml version="1.0" encoding="utf-8"?>
<Project ToolsVersion="4.0" xmlns="http://schemas.microsoft.com/developer/msbuild/2003">
  <ItemGroup>
    <Filter Include="Source Files">
      <UniqueIdentifier>{4FC737F1-C7A5-4376-A066-2A32D752A2FF}</UniqueIdentifier>
      <Extensions>cpp;c;cc;cxx;c++;cppm;ixx;def;odl;idl;hpj;bat;asm;asmx</Extensions>
    </Filter>
    <Filter Include="Header Files">
      <UniqueIdentifier>{93995380-89BD-4b04-88EB-625FBE52EBFB}</UniqueIdentifier>
      <Extensions>h;hh;hpp;hxx;h++;hm;inl;inc;ipp;xsd</Extensions>
    </Filter>
    <Filter Include="Resource Files">
      <UniqueIdentifier>{67DA6AB6-F800-4c08-8B7A-83BB121AAD01}</UniqueIdentifier>
      <Extensions>rc;ico;cur;bmp;dlg;rc2;rct;bin;rgs;gif;jpg;jpeg;jpe;resx;tiff;tif;png;wav;mfcribbon-ms</Extensions>
    </Filter>
  </ItemGroup>
  <ItemGroup>
    <ClCompile Include="winmain.cpp">
      <Filter>Source Files</Filter>
    </ClCompile>
    <ClCompile Include="orbitEngine\window\windowContext.cpp">
      <Filter>Source Files</Filter>
    </ClCompile>
    <ClCompile Include="orbitEngine\window\extensions\displayExtension.cpp">
      <Filter>Source Files</Filter>
    </ClCompile>
    <ClCompile Include="orbitEngine\window\classes\gameWindow.cpp">
      <Filter>Source Files</Filter>
    </ClCompile>
    <ClCompile Include="orbitEngine\input\keyboardState.cpp">
      <Filter>Source Files</Filter>
    </ClCompile>
    <ClCompile Include="orbitEngine\window\extensions\inputExtension.cpp">
      <Filter>Source Files</Filter>
    </ClCompile>
    <ClCompile Include="orbitEngine\input\mouseState.cpp">
      <Filter>Source Files</Filter>
    </ClCompile>
    <ClCompile Include="orbitEngine\input\gamepad.cpp">
      <Filter>Source Files</Filter>
    </ClCompile>
    <ClCompile Include="orbitEngine\performance\timer.cpp">
      <Filter>Source Files</Filter>
    </ClCompile>
    <ClCompile Include="orbitEngine\graphics\shape\shapeTranslator.cpp">
      <Filter>Source Files</Filter>
    </ClCompile>
    <ClCompile Include="orbitEngine\graphics\graphicsContext.cpp">
      <Filter>Source Files</Filter>
    </ClCompile>
    <ClCompile Include="orbitEngine\graphics\texture\textureOperator.cpp">
      <Filter>Source Files</Filter>
    </ClCompile>
    <ClCompile Include="orbitEngine\graphics\texture\textureManager.cpp">
      <Filter>Source Files</Filter>
    </ClCompile>
    <ClCompile Include="orbitEngine\graphics\sprite\spriteOperator.cpp">
      <Filter>Source Files</Filter>
    </ClCompile>
    <ClCompile Include="orbitEngine\graphics\shape\shapeOperator.cpp">
      <Filter>Source Files</Filter>
    </ClCompile>
    <ClCompile Include="orbitEngine\graphics\textStyle\textStyleOperator.cpp">
      <Filter>Source Files</Filter>
    </ClCompile>
    <ClCompile Include="orbitEngine\graphics\textStyle\textStyleManager.cpp">
      <Filter>Source Files</Filter>
    </ClCompile>
    <ClCompile Include="orbitEngine\graphics\text\textOperator.cpp">
      <Filter>Source Files</Filter>
    </ClCompile>
    <ClCompile Include="orbitEngine\graphics\animSprite\animSpriteOperator.cpp">
      <Filter>Source Files</Filter>
    </ClCompile>
  </ItemGroup>
  <ItemGroup>
    <ClInclude Include="orbitEngine\!config.h">
      <Filter>Header Files</Filter>
    </ClInclude>
    <ClInclude Include="orbitEngine\window\windowContext.h">
      <Filter>Header Files</Filter>
    </ClInclude>
    <ClInclude Include="orbitEngine\utils\flow.h">
      <Filter>Header Files</Filter>
    </ClInclude>
    <ClInclude Include="orbitEngine\macros.h">
      <Filter>Header Files</Filter>
    </ClInclude>
    <ClInclude Include="orbitEngine\common\windowStyle.h">
      <Filter>Header Files</Filter>
    </ClInclude>
    <ClInclude Include="orbitEngine\utils\pointers.h">
      <Filter>Header Files</Filter>
    </ClInclude>
    <ClInclude Include="orbitEngine\common\commands\displayCommands.h">
      <Filter>Header Files</Filter>
    </ClInclude>
    <ClInclude Include="orbitEngine\common\priority.h">
      <Filter>Header Files</Filter>
    </ClInclude>
    <ClInclude Include="orbitEngine\window\extensions\windowExtension.h">
      <Filter>Header Files</Filter>
    </ClInclude>
    <ClInclude Include="orbitEngine\window\window.h">
      <Filter>Header Files</Filter>
    </ClInclude>
    <ClInclude Include="orbitEngine\window\extensions\displayExtension.h">
      <Filter>Header Files</Filter>
    </ClInclude>
    <ClInclude Include="orbitEngine\window\classes\gameWindow.h">
      <Filter>Header Files</Filter>
    </ClInclude>
    <ClInclude Include="orbitEngine\error.h">
      <Filter>Header Files</Filter>
    </ClInclude>
    <ClInclude Include="orbitEngine\input\keyboardState.h">
      <Filter>Header Files</Filter>
    </ClInclude>
    <ClInclude Include="orbitEngine\utils\textQueue.h">
      <Filter>Header Files</Filter>
    </ClInclude>
    <ClInclude Include="orbitEngine\messaging\command.h">
      <Filter>Header Files</Filter>
    </ClInclude>
    <ClInclude Include="orbitEngine\messaging\pubsub\messageQueue.h">
      <Filter>Header Files</Filter>
    </ClInclude>
    <ClInclude Include="orbitEngine\utils\circularQueue.h">
      <Filter>Header Files</Filter>
    </ClInclude>
    <ClInclude Include="orbitEngine\messaging\pubsub\ISubscriber.h">
      <Filter>Header Files</Filter>
    </ClInclude>
    <ClInclude Include="orbitEngine\messaging\pubsub\messageBus.h">
      <Filter>Header Files</Filter>
    </ClInclude>
    <ClInclude Include="orbitEngine\messaging\pubsub\IMessageQueue.h">
      <Filter>Header Files</Filter>
    </ClInclude>
    <ClInclude Include="orbitEngine\messaging\pubsub\messageBroker.h">
      <Filter>Header Files</Filter>
    </ClInclude>
    <ClInclude Include="orbitEngine\messaging\pubsub.h">
      <Filter>Header Files</Filter>
    </ClInclude>
    <ClInclude Include="orbitEngine\window\extensions\inputExtension.h">
      <Filter>Header Files</Filter>
    </ClInclude>
    <ClInclude Include="orbitEngine\input\mouseState.h">
      <Filter>Header Files</Filter>
    </ClInclude>
    <ClInclude Include="orbitEngine\input\gamepad.h">
      <Filter>Header Files</Filter>
    </ClInclude>
    <ClInclude Include="orbitEngine\orbitEngine.h">
      <Filter>Header Files</Filter>
    </ClInclude>
    <ClInclude Include="orbitEngine\performance\timer.h">
      <Filter>Header Files</Filter>
    </ClInclude>
    <ClInclude Include="orbitEngine\graphics\graphicsContext.h">
      <Filter>Header Files</Filter>
    </ClInclude>
    <ClInclude Include="orbitEngine\graphics\dximport.h">
      <Filter>Header Files</Filter>
    </ClInclude>
    <ClInclude Include="orbitEngine\common\colors.h">
      <Filter>Header Files</Filter>
    </ClInclude>
    <ClInclude Include="orbitEngine\common\zvalues.h">
      <Filter>Header Files</Filter>
    </ClInclude>
    <ClInclude Include="orbitEngine\graphics\vertex.h">
      <Filter>Header Files</Filter>
    </ClInclude>
    <ClInclude Include="orbitEngine\graphics\sprite\spriteData.h">
      <Filter>Header Files</Filter>
    </ClInclude>
    <ClInclude Include="orbitEngine\common\notifications\windowResized.h">
      <Filter>Header Files</Filter>
    </ClInclude>
    <ClInclude Include="orbitEngine\common\commands\graphicsObjectCommands.h">
      <Filter>Header Files</Filter>
    </ClInclude>
    <ClInclude Include="orbitEngine\graphics\text\textData.h">
      <Filter>Header Files</Filter>
    </ClInclude>
    <ClInclude Include="orbitEngine\graphics\sprite\spriteOperator.h">
      <Filter>Header Files</Filter>
    </ClInclude>
    <ClInclude Include="orbitEngine\graphics\texture\textureData.h">
      <Filter>Header Files</Filter>
    </ClInclude>
    <ClInclude Include="orbitEngine\graphics\texture\textureOperator.h">
      <Filter>Header Files</Filter>
    </ClInclude>
    <ClInclude Include="orbitEngine\graphics\texture\textureManager.h">
      <Filter>Header Files</Filter>
    </ClInclude>
    <ClInclude Include="orbitEngine\graphics\graphicsOperator.h">
      <Filter>Header Files</Filter>
    </ClInclude>
    <ClInclude Include="orbitEngine\graphics\shape\shapeData.h">
      <Filter>Header Files</Filter>
    </ClInclude>
    <ClInclude Include="orbitEngine\graphics\shape\shapeOperator.h">
      <Filter>Header Files</Filter>
    </ClInclude>
    <ClInclude Include="orbitEngine\graphics\shape\shapeTranslator.h">
      <Filter>Header Files</Filter>
    </ClInclude>
    <ClInclude Include="orbitEngine\graphics\textStyle\textStyleOperator.h">
      <Filter>Header Files</Filter>
    </ClInclude>
    <ClInclude Include="orbitEngine\graphics\textStyle\textStyleData.h">
      <Filter>Header Files</Filter>
    </ClInclude>
    <ClInclude Include="orbitEngine\graphics\shape\translatedShape.h">
      <Filter>Header Files</Filter>
    </ClInclude>
    <ClInclude Include="orbitEngine\graphics\textStyle\textStyleManager.h">
      <Filter>Header Files</Filter>
    </ClInclude>
    <ClInclude Include="orbitEngine\graphics\animSprite\animSpriteData.h">
      <Filter>Header Files</Filter>
    </ClInclude>
    <ClInclude Include="orbitEngine\graphics\animSprite\animSpriteOperator.h">
      <Filter>Header Files</Filter>
    </ClInclude>
  </ItemGroup>
  <ItemGroup>
    <None Include="orbitEngine\graphics\text\textOperator.h" />
  </ItemGroup>
</Project>